
Microsoft Visual Studio Solution File, Format Version 12.00
# Visual Studio 15
VisualStudioVersion = 15.0.28307.960
MinimumVisualStudioVersion = 10.0.40219.1
Project("{FAE04EC0-301F-11D3-BF4B-00C04F79EFBC}") = "lab9", "lab9\lab9.csproj", "{6A7DC94B-7F7A-4E91-B71A-4C075B65FB00}"
EndProject
Global
	GlobalSection(SolutionConfigurationPlatforms) = preSolution
		Debug|Any CPU = Debug|Any CPU
		Release|Any CPU = Release|Any CPU
	EndGlobalSection
	GlobalSection(ProjectConfigurationPlatforms) = postSolution
		{6A7DC94B-7F7A-4E91-B71A-4C075B65FB00}.Debug|Any CPU.ActiveCfg = Debug|Any CPU
		{6A7DC94B-7F7A-4E91-B71A-4C075B65FB00}.Debug|Any CPU.Build.0 = Debug|Any CPU
		{6A7DC94B-7F7A-4E91-B71A-4C075B65FB00}.Release|Any CPU.ActiveCfg = Release|Any CPU
		{6A7DC94B-7F7A-4E91-B71A-4C075B65FB00}.Release|Any CPU.Build.0 = Release|Any CPU
	EndGlobalSection
	GlobalSection(SolutionProperties) = preSolution
		HideSolutionNode = FALSE
	EndGlobalSection
	GlobalSection(ExtensibilityGlobals) = postSolution
		SolutionGuid = {05680A40-A70A-4C58-866E-E852FFD20D31}
	EndGlobalSection
EndGlobal
